github.com/dchest/captcha v0.0.0-20200903113550-03f5f0333e1f h1:q/DpyjJjZs94bziQ7YkBmIlpqbVP7yw179rnzoNVX1M=
github.com/dchest/captcha v0.0.0-20200903113550-03f5f0333e1f/go.mod h1:QGrK8vMWWHQYQ3QU9bw9Y9OPNfxccGzfb41qjvVeXtY=
github.com/thammuio/ldap-passwd-webui v0.0.0-20181024162538-05282423d3c3 h1:IWPWNNDQ00gM0JRBySmOSsL3ciq7hQyx6zIVv3xfLlw=
github.com/thammuio/ldap-passwd-webui v0.0.0-20181024162538-05282423d3c3/go.mod h1:Szu/69YP+8bEOoYrfbp8gjNVfbWF64Sp41rUfa4fVjQ=
golang.org/x/text v0.3.7 h1:olpwvP2KacW1ZWvsR7uQhoyTYvKAupfQrRGBFM352Gk=
golang.org/x/text v0.3.7/go.mod h1:u+2+/6zg+i71rQMx5EYifcz6MCKuco9NR6JIITiCfzQ=
golang.org/x/tools v0.0.0-20180917221912-90fa682c2a6e/go.mod h1:n7NCudcB/nEzxVGmLbDWY5pfWTLqBcC2KZ6jyYvM4mQ=
gopkg.in/asn1-ber.v1 v1.0.0-20181015200546-f715ec2f112d h1:TxyelI5cVkbREznMhfzycHdkp5cLA7DpE+GKjSslYhM=
gopkg.in/asn1-ber.v1 v1.0.0-20181015200546-f715ec2f112d/go.mod h1:cuepJuh7vyXfUyUwEgHQXw849cJrilpS5NeIjOWESAw=
gopkg.in/ldap.v2 v2.5.1 h1:wiu0okdNfjlBzg6UWvd1Hn8Y+Ux17/u/4nlk4CQr6tU=
gopkg.in/ldap.v2 v2.5.1/go.mod h1:oI0cpe/D7HRtBQl8aTg+ZmzFUAvu4lsv3eLXMLGFxWk=
